
Microsoft Visual Studio Solution File, Format Version 12.00
# Visual Studio Version 16
VisualStudioVersion = 16.0.28527.54
MinimumVisualStudioVersion = 10.0.40219.1
Project("{9A19103F-16F7-4668-BE54-9A1E7A4F7556}") = "FlatDNS.Core", "src\FlatDNS.Core\FlatDNS.Core.csproj", "{07402F6D-A135-44E0-84C7-81557659B5E2}"
EndProject
Project("{2150E333-8FDC-42A3-9474-1A3956D46DE8}") = "Core", "Core", "{7C470143-DB6B-4AEE-95FE-E8E796A66876}"
EndProject
Project("{2150E333-8FDC-42A3-9474-1A3956D46DE8}") = "Resolvers", "Resolvers", "{CFD91FFD-1C07-4328-8517-F4768F43744C}"
EndProject
Project("{2150E333-8FDC-42A3-9474-1A3956D46DE8}") = "Hosts", "Hosts", "{0F775105-8257-41CD-A608-A8C7C86E01D2}"
EndProject
Project("{9A19103F-16F7-4668-BE54-9A1E7A4F7556}") = "FlatDNS.Host.Functions", "src\FlatDNS.Host.Functions\FlatDNS.Host.Functions.csproj", "{AA589D48-65C2-4E66-91B0-E1B1AC54BFA7}"
EndProject
Project("{9A19103F-16F7-4668-BE54-9A1E7A4F7556}") = "FlatDNS.Host.Console", "src\FlatDNS.Host.Console\FlatDNS.Host.Console.csproj", "{03742D01-48BC-44EA-BD6A-41EF06DC9ED8}"
EndProject
Project("{9A19103F-16F7-4668-BE54-9A1E7A4F7556}") = "FlatDNS.Zone.AzureDNS", "src\FlatDNS.Zone.AzureDNS\FlatDNS.Zone.AzureDNS.csproj", "{EC1CAF3E-A115-4735-BFB2-72CD24E5A568}"
EndProject
Project("{2150E333-8FDC-42A3-9474-1A3956D46DE8}") = "Zones", "Zones", "{3D75DFDC-D51E-4722-924B-861A01C4304A}"
EndProject
Project("{9A19103F-16F7-4668-BE54-9A1E7A4F7556}") = "FlatDNS.Resolver.SystemDNS", "src\FlatDNS.Resolver.SystemDNS\FlatDNS.Resolver.SystemDNS.csproj", "{304B61A4-3D8B-4C73-B2BC-49273ACDCCF4}"
EndProject
Project("{9A19103F-16F7-4668-BE54-9A1E7A4F7556}") = "FlatDNS.Resolver.GoogleDoH", "src\FlatDNS.Resolver.GoogleDoH\FlatDNS.Resolver.GoogleDoH.csproj", "{E9647738-520E-478D-8D15-F7C19E0C68AC}"
EndProject
Project("{2150E333-8FDC-42A3-9474-1A3956D46DE8}") = "src", "src", "{7481A2D8-A537-460A-AA93-3CDBD418CD4F}"
EndProject
Project("{2150E333-8FDC-42A3-9474-1A3956D46DE8}") = "test", "test", "{1C8B0551-E03D-4420-8959-591F725A0B55}"
EndProject
Project("{2150E333-8FDC-42A3-9474-1A3956D46DE8}") = "deploy", "deploy", "{2B524F78-C62D-432F-83EB-FA2B9FDBB3AD}"
EndProject
Project("{9A19103F-16F7-4668-BE54-9A1E7A4F7556}") = "FlatDNS.Resolver.SystemDNS.Tests", "test\FlatDNS.Resolver.SystemDNS.Tests\FlatDNS.Resolver.SystemDNS.Tests.csproj", "{1B29D42E-4A24-4975-8325-4B860E07CCE5}"
EndProject
Project("{2150E333-8FDC-42A3-9474-1A3956D46DE8}") = "Resolvers", "Resolvers", "{F9F2C3AC-280D-4F4B-8ED9-830168E46AD9}"
EndProject
Project("{2150E333-8FDC-42A3-9474-1A3956D46DE8}") = "Core", "Core", "{EFC09743-1F84-4C51-9934-045EFFC0FF99}"
EndProject
Project("{2150E333-8FDC-42A3-9474-1A3956D46DE8}") = "Zones", "Zones", "{1395A6E6-0DA3-4758-A57A-F0DBE26BA394}"
EndProject
Project("{FAE04EC0-301F-11D3-BF4B-00C04F79EFBC}") = "FlatDNS.Core.Tests", "test\FlatDNS.Core.Tests\FlatDNS.Core.Tests.csproj", "{9A3E6E9E-AE81-4EE2-B60B-A532BFC29209}"
EndProject
Global
	GlobalSection(SolutionConfigurationPlatforms) = preSolution
		Debug|Any CPU = Debug|Any CPU
		Release|Any CPU = Release|Any CPU
	EndGlobalSection
	GlobalSection(ProjectConfigurationPlatforms) = postSolution
		{07402F6D-A135-44E0-84C7-81557659B5E2}.Debug|Any CPU.ActiveCfg = Debug|Any CPU
		{07402F6D-A135-44E0-84C7-81557659B5E2}.Debug|Any CPU.Build.0 = Debug|Any CPU
		{07402F6D-A135-44E0-84C7-81557659B5E2}.Release|Any CPU.ActiveCfg = Release|Any CPU
		{07402F6D-A135-44E0-84C7-81557659B5E2}.Release|Any CPU.Build.0 = Release|Any CPU
		{AA589D48-65C2-4E66-91B0-E1B1AC54BFA7}.Debug|Any CPU.ActiveCfg = Debug|Any CPU
		{AA589D48-65C2-4E66-91B0-E1B1AC54BFA7}.Debug|Any CPU.Build.0 = Debug|Any CPU
		{AA589D48-65C2-4E66-91B0-E1B1AC54BFA7}.Release|Any CPU.ActiveCfg = Release|Any CPU
		{AA589D48-65C2-4E66-91B0-E1B1AC54BFA7}.Release|Any CPU.Build.0 = Release|Any CPU
		{03742D01-48BC-44EA-BD6A-41EF06DC9ED8}.Debug|Any CPU.ActiveCfg = Debug|Any CPU
		{03742D01-48BC-44EA-BD6A-41EF06DC9ED8}.Debug|Any CPU.Build.0 = Debug|Any CPU
		{03742D01-48BC-44EA-BD6A-41EF06DC9ED8}.Release|Any CPU.ActiveCfg = Release|Any CPU
		{03742D01-48BC-44EA-BD6A-41EF06DC9ED8}.Release|Any CPU.Build.0 = Release|Any CPU
		{EC1CAF3E-A115-4735-BFB2-72CD24E5A568}.Debug|Any CPU.ActiveCfg = Debug|Any CPU
		{EC1CAF3E-A115-4735-BFB2-72CD24E5A568}.Debug|Any CPU.Build.0 = Debug|Any CPU
		{EC1CAF3E-A115-4735-BFB2-72CD24E5A568}.Release|Any CPU.ActiveCfg = Release|Any CPU
		{EC1CAF3E-A115-4735-BFB2-72CD24E5A568}.Release|Any CPU.Build.0 = Release|Any CPU
		{304B61A4-3D8B-4C73-B2BC-49273ACDCCF4}.Debug|Any CPU.ActiveCfg = Debug|Any CPU
		{304B61A4-3D8B-4C73-B2BC-49273ACDCCF4}.Debug|Any CPU.Build.0 = Debug|Any CPU
		{304B61A4-3D8B-4C73-B2BC-49273ACDCCF4}.Release|Any CPU.ActiveCfg = Release|Any CPU
		{304B61A4-3D8B-4C73-B2BC-49273ACDCCF4}.Release|Any CPU.Build.0 = Release|Any CPU
		{E9647738-520E-478D-8D15-F7C19E0C68AC}.Debug|Any CPU.ActiveCfg = Debug|Any CPU
		{E9647738-520E-478D-8D15-F7C19E0C68AC}.Debug|Any CPU.Build.0 = Debug|Any CPU
		{E9647738-520E-478D-8D15-F7C19E0C68AC}.Release|Any CPU.ActiveCfg = Release|Any CPU
		{E9647738-520E-478D-8D15-F7C19E0C68AC}.Release|Any CPU.Build.0 = Release|Any CPU
		{1B29D42E-4A24-4975-8325-4B860E07CCE5}.Debug|Any CPU.ActiveCfg = Debug|Any CPU
		{1B29D42E-4A24-4975-8325-4B860E07CCE5}.Debug|Any CPU.Build.0 = Debug|Any CPU
		{1B29D42E-4A24-4975-8325-4B860E07CCE5}.Release|Any CPU.ActiveCfg = Release|Any CPU
		{1B29D42E-4A24-4975-8325-4B860E07CCE5}.Release|Any CPU.Build.0 = Release|Any CPU
		{9A3E6E9E-AE81-4EE2-B60B-A532BFC29209}.Debug|Any CPU.ActiveCfg = Debug|Any CPU
		{9A3E6E9E-AE81-4EE2-B60B-A532BFC29209}.Debug|Any CPU.Build.0 = Debug|Any CPU
		{9A3E6E9E-AE81-4EE2-B60B-A532BFC29209}.Release|Any CPU.ActiveCfg = Release|Any CPU
		{9A3E6E9E-AE81-4EE2-B60B-A532BFC29209}.Release|Any CPU.Build.0 = Release|Any CPU
	EndGlobalSection
	GlobalSection(SolutionProperties) = preSolution
		HideSolutionNode = FALSE
	EndGlobalSection
	GlobalSection(NestedProjects) = preSolution
		{07402F6D-A135-44E0-84C7-81557659B5E2} = {7C470143-DB6B-4AEE-95FE-E8E796A66876}
		{7C470143-DB6B-4AEE-95FE-E8E796A66876} = {7481A2D8-A537-460A-AA93-3CDBD418CD4F}
		{CFD91FFD-1C07-4328-8517-F4768F43744C} = {7481A2D8-A537-460A-AA93-3CDBD418CD4F}
		{0F775105-8257-41CD-A608-A8C7C86E01D2} = {7481A2D8-A537-460A-AA93-3CDBD418CD4F}
		{AA589D48-65C2-4E66-91B0-E1B1AC54BFA7} = {0F775105-8257-41CD-A608-A8C7C86E01D2}
		{03742D01-48BC-44EA-BD6A-41EF06DC9ED8} = {0F775105-8257-41CD-A608-A8C7C86E01D2}
		{EC1CAF3E-A115-4735-BFB2-72CD24E5A568} = {3D75DFDC-D51E-4722-924B-861A01C4304A}
		{3D75DFDC-D51E-4722-924B-861A01C4304A} = {7481A2D8-A537-460A-AA93-3CDBD418CD4F}
		{304B61A4-3D8B-4C73-B2BC-49273ACDCCF4} = {CFD91FFD-1C07-4328-8517-F4768F43744C}
		{E9647738-520E-478D-8D15-F7C19E0C68AC} = {CFD91FFD-1C07-4328-8517-F4768F43744C}
		{1B29D42E-4A24-4975-8325-4B860E07CCE5} = {F9F2C3AC-280D-4F4B-8ED9-830168E46AD9}
		{F9F2C3AC-280D-4F4B-8ED9-830168E46AD9} = {1C8B0551-E03D-4420-8959-591F725A0B55}
		{EFC09743-1F84-4C51-9934-045EFFC0FF99} = {1C8B0551-E03D-4420-8959-591F725A0B55}
		{1395A6E6-0DA3-4758-A57A-F0DBE26BA394} = {1C8B0551-E03D-4420-8959-591F725A0B55}
		{9A3E6E9E-AE81-4EE2-B60B-A532BFC29209} = {EFC09743-1F84-4C51-9934-045EFFC0FF99}
	EndGlobalSection
	GlobalSection(ExtensibilityGlobals) = postSolution
		SolutionGuid = {1133FC72-B2FF-4335-A9EF-1FC25941D5D4}
	EndGlobalSection
EndGlobal
